
Microsoft Visual Studio Solution File, Format Version 12.00
# Visual Studio Version 17
VisualStudioVersion = 17.1.32421.90
MinimumVisualStudioVersion = 10.0.40219.1
Project("{FAE04EC0-301F-11D3-BF4B-00C04F79EFBC}") = "AnimalFarm", "AnimalFarm\AnimalFarm.csproj", "{DA02BD81-59CC-4068-8096-3DC474402848}"
EndProject
Project("{FAE04EC0-301F-11D3-BF4B-00C04F79EFBC}") = "ClassBoxData", "ClassBoxData\ClassBoxData.csproj", "{C3A9C263-808A-418C-B1E1-6B3FCE734E1B}"
EndProject
Project("{FAE04EC0-301F-11D3-BF4B-00C04F79EFBC}") = "ShoppingSpree", "ShoppingSpree\ShoppingSpree.csproj", "{176BC956-2663-4F29-89D3-0A44B0ECB077}"
EndProject
Project("{FAE04EC0-301F-11D3-BF4B-00C04F79EFBC}") = "PizzaCalories", "PizzaCalories\PizzaCalories.csproj", "{2325DE88-6BAD-446C-9EA8-9ABD825A3478}"
EndProject
Project("{FAE04EC0-301F-11D3-BF4B-00C04F79EFBC}") = "FootballTeamGenerator", "FootballTeamGenerator\FootballTeamGenerator.csproj", "{0AC2AA5A-063A-478B-9523-6179E6ADBF39}"
EndProject
Global
	GlobalSection(SolutionConfigurationPlatforms) = preSolution
		Debug|Any CPU = Debug|Any CPU
		Release|Any CPU = Release|Any CPU
	EndGlobalSection
	GlobalSection(ProjectConfigurationPlatforms) = postSolution
		{DA02BD81-59CC-4068-8096-3DC474402848}.Debug|Any CPU.ActiveCfg = Debug|Any CPU
		{DA02BD81-59CC-4068-8096-3DC474402848}.Debug|Any CPU.Build.0 = Debug|Any CPU
		{DA02BD81-59CC-4068-8096-3DC474402848}.Release|Any CPU.ActiveCfg = Release|Any CPU
		{DA02BD81-59CC-4068-8096-3DC474402848}.Release|Any CPU.Build.0 = Release|Any CPU
		{C3A9C263-808A-418C-B1E1-6B3FCE734E1B}.Debug|Any CPU.ActiveCfg = Debug|Any CPU
		{C3A9C263-808A-418C-B1E1-6B3FCE734E1B}.Debug|Any CPU.Build.0 = Debug|Any CPU
		{C3A9C263-808A-418C-B1E1-6B3FCE734E1B}.Release|Any CPU.ActiveCfg = Release|Any CPU
		{C3A9C263-808A-418C-B1E1-6B3FCE734E1B}.Release|Any CPU.Build.0 = Release|Any CPU
		{176BC956-2663-4F29-89D3-0A44B0ECB077}.Debug|Any CPU.ActiveCfg = Debug|Any CPU
		{176BC956-2663-4F29-89D3-0A44B0ECB077}.Debug|Any CPU.Build.0 = Debug|Any CPU
		{176BC956-2663-4F29-89D3-0A44B0ECB077}.Release|Any CPU.ActiveCfg = Release|Any CPU
		{176BC956-2663-4F29-89D3-0A44B0ECB077}.Release|Any CPU.Build.0 = Release|Any CPU
		{2325DE88-6BAD-446C-9EA8-9ABD825A3478}.Debug|Any CPU.ActiveCfg = Debug|Any CPU
		{2325DE88-6BAD-446C-9EA8-9ABD825A3478}.Debug|Any CPU.Build.0 = Debug|Any CPU
		{2325DE88-6BAD-446C-9EA8-9ABD825A3478}.Release|Any CPU.ActiveCfg = Release|Any CPU
		{2325DE88-6BAD-446C-9EA8-9ABD825A3478}.Release|Any CPU.Build.0 = Release|Any CPU
		{0AC2AA5A-063A-478B-9523-6179E6ADBF39}.Debug|Any CPU.ActiveCfg = Debug|Any CPU
		{0AC2AA5A-063A-478B-9523-6179E6ADBF39}.Debug|Any CPU.Build.0 = Debug|Any CPU
		{0AC2AA5A-063A-478B-9523-6179E6ADBF39}.Release|Any CPU.ActiveCfg = Release|Any CPU
		{0AC2AA5A-063A-478B-9523-6179E6ADBF39}.Release|Any CPU.Build.0 = Release|Any CPU
	EndGlobalSection
	GlobalSection(SolutionProperties) = preSolution
		HideSolutionNode = FALSE
	EndGlobalSection
	GlobalSection(ExtensibilityGlobals) = postSolution
		SolutionGuid = {20A82E14-BB11-4F03-A517-66C17E8CE6D9}
	EndGlobalSection
EndGlobal
