
Microsoft Visual Studio Solution File, Format Version 12.00
# Visual Studio Version 17
VisualStudioVersion = 17.1.32421.90
MinimumVisualStudioVersion = 10.0.40219.1
Project("{9A19103F-16F7-4668-BE54-9A1E7A4F7556}") = "Vehicles", "Vehicles\Vehicles.csproj", "{24EE972D-8366-4CB6-8804-599C56A0D83C}"
EndProject
Project("{9A19103F-16F7-4668-BE54-9A1E7A4F7556}") = "WildFarm", "WildFarm\WildFarm.csproj", "{2941B0F5-2868-47FB-9A00-7A1FC98167E3}"
EndProject
Project("{FAE04EC0-301F-11D3-BF4B-00C04F79EFBC}") = "Raiding", "Raiding\Raiding.csproj", "{675ED777-D50B-43C8-A014-CCDA27AFB796}"
EndProject
Global
	GlobalSection(SolutionConfigurationPlatforms) = preSolution
		Debug|Any CPU = Debug|Any CPU
		Release|Any CPU = Release|Any CPU
	EndGlobalSection
	GlobalSection(ProjectConfigurationPlatforms) = postSolution
		{24EE972D-8366-4CB6-8804-599C56A0D83C}.Debug|Any CPU.ActiveCfg = Debug|Any CPU
		{24EE972D-8366-4CB6-8804-599C56A0D83C}.Debug|Any CPU.Build.0 = Debug|Any CPU
		{24EE972D-8366-4CB6-8804-599C56A0D83C}.Release|Any CPU.ActiveCfg = Release|Any CPU
		{24EE972D-8366-4CB6-8804-599C56A0D83C}.Release|Any CPU.Build.0 = Release|Any CPU
		{2941B0F5-2868-47FB-9A00-7A1FC98167E3}.Debug|Any CPU.ActiveCfg = Debug|Any CPU
		{2941B0F5-2868-47FB-9A00-7A1FC98167E3}.Debug|Any CPU.Build.0 = Debug|Any CPU
		{2941B0F5-2868-47FB-9A00-7A1FC98167E3}.Release|Any CPU.ActiveCfg = Release|Any CPU
		{2941B0F5-2868-47FB-9A00-7A1FC98167E3}.Release|Any CPU.Build.0 = Release|Any CPU
		{675ED777-D50B-43C8-A014-CCDA27AFB796}.Debug|Any CPU.ActiveCfg = Debug|Any CPU
		{675ED777-D50B-43C8-A014-CCDA27AFB796}.Debug|Any CPU.Build.0 = Debug|Any CPU
		{675ED777-D50B-43C8-A014-CCDA27AFB796}.Release|Any CPU.ActiveCfg = Release|Any CPU
		{675ED777-D50B-43C8-A014-CCDA27AFB796}.Release|Any CPU.Build.0 = Release|Any CPU
	EndGlobalSection
	GlobalSection(SolutionProperties) = preSolution
		HideSolutionNode = FALSE
	EndGlobalSection
	GlobalSection(ExtensibilityGlobals) = postSolution
		SolutionGuid = {1CF3CE6D-58B7-4BDE-B812-C3EA00FB0466}
	EndGlobalSection
EndGlobal
