
Microsoft Visual Studio Solution File, Format Version 12.00
# Visual Studio Version 17
VisualStudioVersion = 17.3.32901.215
MinimumVisualStudioVersion = 10.0.40219.1
Project("{FAE04EC0-301F-11D3-BF4B-00C04F79EFBC}") = "Farm", "Farm\Farm.csproj", "{897580DC-5C11-478B-BCEA-129AFDDD12B9}"
EndProject
Project("{FAE04EC0-301F-11D3-BF4B-00C04F79EFBC}") = "CustomRandomList", "CustomRandomList\CustomRandomList.csproj", "{0ED7847D-4C09-449D-A823-A499847F087B}"
EndProject
Project("{FAE04EC0-301F-11D3-BF4B-00C04F79EFBC}") = "CustomStack", "CustomStack\CustomStack.csproj", "{0240F3B9-B26D-428C-964E-97C45822DB64}"
EndProject
Global
	GlobalSection(SolutionConfigurationPlatforms) = preSolution
		Debug|Any CPU = Debug|Any CPU
		Release|Any CPU = Release|Any CPU
	EndGlobalSection
	GlobalSection(ProjectConfigurationPlatforms) = postSolution
		{897580DC-5C11-478B-BCEA-129AFDDD12B9}.Debug|Any CPU.ActiveCfg = Debug|Any CPU
		{897580DC-5C11-478B-BCEA-129AFDDD12B9}.Debug|Any CPU.Build.0 = Debug|Any CPU
		{897580DC-5C11-478B-BCEA-129AFDDD12B9}.Release|Any CPU.ActiveCfg = Release|Any CPU
		{897580DC-5C11-478B-BCEA-129AFDDD12B9}.Release|Any CPU.Build.0 = Release|Any CPU
		{0ED7847D-4C09-449D-A823-A499847F087B}.Debug|Any CPU.ActiveCfg = Debug|Any CPU
		{0ED7847D-4C09-449D-A823-A499847F087B}.Debug|Any CPU.Build.0 = Debug|Any CPU
		{0ED7847D-4C09-449D-A823-A499847F087B}.Release|Any CPU.ActiveCfg = Release|Any CPU
		{0ED7847D-4C09-449D-A823-A499847F087B}.Release|Any CPU.Build.0 = Release|Any CPU
		{0240F3B9-B26D-428C-964E-97C45822DB64}.Debug|Any CPU.ActiveCfg = Debug|Any CPU
		{0240F3B9-B26D-428C-964E-97C45822DB64}.Debug|Any CPU.Build.0 = Debug|Any CPU
		{0240F3B9-B26D-428C-964E-97C45822DB64}.Release|Any CPU.ActiveCfg = Release|Any CPU
		{0240F3B9-B26D-428C-964E-97C45822DB64}.Release|Any CPU.Build.0 = Release|Any CPU
	EndGlobalSection
	GlobalSection(SolutionProperties) = preSolution
		HideSolutionNode = FALSE
	EndGlobalSection
	GlobalSection(ExtensibilityGlobals) = postSolution
		SolutionGuid = {7CE592C0-FC6D-4320-A28D-005E70949AE4}
	EndGlobalSection
EndGlobal
